// !$*UTF8*$!
{
	archiveVersion = 1;
	classes = {
	};
	objectVersion = 56;
	objects = {

/* Begin PBXBuildFile section */
		05063EE52AFB0F1300308258 /* Material.swift in Sources */ = {isa = PBXBuildFile; fileRef = 05063EE42AFB0F1300308258 /* Material.swift */; };
		05063EEC2AFC5F7D00308258 /* Assets.xcassets in Resources */ = {isa = PBXBuildFile; fileRef = 05063EEB2AFC5F7D00308258 /* Assets.xcassets */; };
		05063EF22AFC674D00308258 /* Preview Assets.xcassets in Resources */ = {isa = PBXBuildFile; fileRef = 05063EF12AFC674D00308258 /* Preview Assets.xcassets */; };
		05063EF42AFD7E0A00308258 /* SceneKitAssets.scnassets in Resources */ = {isa = PBXBuildFile; fileRef = 05063EF32AFD7E0A00308258 /* SceneKitAssets.scnassets */; };
		051C03772B298465005C89F3 /* NodeType.swift in Sources */ = {isa = PBXBuildFile; fileRef = 0575D11E2B0D73AA00C40A06 /* NodeType.swift */; };
		052C86212B229DDE000A3D58 /* Double+Extensions.swift in Sources */ = {isa = PBXBuildFile; fileRef = 052C86202B229DDE000A3D58 /* Double+Extensions.swift */; };
		052C86232B23C042000A3D58 /* DebugModeView.swift in Sources */ = {isa = PBXBuildFile; fileRef = 052C86222B23C042000A3D58 /* DebugModeView.swift */; };
		052C86252B23C9A0000A3D58 /* PhysicsBodyProperties.swift in Sources */ = {isa = PBXBuildFile; fileRef = 052C86242B23C9A0000A3D58 /* PhysicsBodyProperties.swift */; };
		052C862A2B23E97D000A3D58 /* NodeStats.swift in Sources */ = {isa = PBXBuildFile; fileRef = 052C86292B23E97D000A3D58 /* NodeStats.swift */; };
		054923DC2B05896300317F1F /* Decal.swift in Sources */ = {isa = PBXBuildFile; fileRef = 054923DB2B05896300317F1F /* Decal.swift */; };
		055375712AF9C68E00244A63 /* DnDDiceRollerApp.swift in Sources */ = {isa = PBXBuildFile; fileRef = 055375702AF9C68E00244A63 /* DnDDiceRollerApp.swift */; };
		055375732AF9C68E00244A63 /* MainView.swift in Sources */ = {isa = PBXBuildFile; fileRef = 055375722AF9C68E00244A63 /* MainView.swift */; };
		0554ACF42B0C023000791897 /* MainViewModel.swift in Sources */ = {isa = PBXBuildFile; fileRef = 0554ACF32B0C023000791897 /* MainViewModel.swift */; };
		0554ACF72B0C09EF00791897 /* SceneManager.swift in Sources */ = {isa = PBXBuildFile; fileRef = 0554ACF62B0C09EF00791897 /* SceneManager.swift */; };
		0556EADA2B16E15B000583EC /* SCNVector3+Extensions.swift in Sources */ = {isa = PBXBuildFile; fileRef = 0556EAD92B16E15B000583EC /* SCNVector3+Extensions.swift */; };
		0561F9962B29148600260468 /* DnDDiceRollerUITests.swift in Sources */ = {isa = PBXBuildFile; fileRef = 0561F9952B29148600260468 /* DnDDiceRollerUITests.swift */; };
		0561F9982B29148600260468 /* DnDDiceRollerUITestsLaunchTests.swift in Sources */ = {isa = PBXBuildFile; fileRef = 0561F9972B29148600260468 /* DnDDiceRollerUITestsLaunchTests.swift */; };
		0566BADC2B0EBB2E00D10E11 /* SettingsView.swift in Sources */ = {isa = PBXBuildFile; fileRef = 0566BADB2B0EBB2E00D10E11 /* SettingsView.swift */; };
		0566BADF2B0EDE8800D10E11 /* SCNNode+Extensions.swift in Sources */ = {isa = PBXBuildFile; fileRef = 0566BADE2B0EDE8800D10E11 /* SCNNode+Extensions.swift */; };
		05707CBB2B25105200DA242D /* DiceRotationToNumberHelper.swift in Sources */ = {isa = PBXBuildFile; fileRef = 05707CBA2B25105200DA242D /* DiceRotationToNumberHelper.swift */; };
		0575D11B2B0D59DC00C40A06 /* SceneType.swift in Sources */ = {isa = PBXBuildFile; fileRef = 0575D11A2B0D59DC00C40A06 /* SceneType.swift */; };
		0575D11D2B0D72EE00C40A06 /* MainSceneManager.swift in Sources */ = {isa = PBXBuildFile; fileRef = 0575D11C2B0D72EE00C40A06 /* MainSceneManager.swift */; };
		0575D11F2B0D73AA00C40A06 /* NodeType.swift in Sources */ = {isa = PBXBuildFile; fileRef = 0575D11E2B0D73AA00C40A06 /* NodeType.swift */; };
		05DB05B32B19761A00B305AC /* DiceTypeMenuView.swift in Sources */ = {isa = PBXBuildFile; fileRef = 05DB05B22B19761A00B305AC /* DiceTypeMenuView.swift */; };
/* End PBXBuildFile section */

/* Begin PBXContainerItemProxy section */
		0561F9992B29148600260468 /* PBXContainerItemProxy */ = {
			isa = PBXContainerItemProxy;
			containerPortal = 055375652AF9C68E00244A63 /* Project object */;
			proxyType = 1;
			remoteGlobalIDString = 0553756C2AF9C68E00244A63;
			remoteInfo = DnDDiceRoller;
		};
/* End PBXContainerItemProxy section */

/* Begin PBXFileReference section */
		05063EE42AFB0F1300308258 /* Material.swift */ = {isa = PBXFileReference; lastKnownFileType = sourcecode.swift; path = Material.swift; sourceTree = "<group>"; };
		05063EEB2AFC5F7D00308258 /* Assets.xcassets */ = {isa = PBXFileReference; lastKnownFileType = folder.assetcatalog; path = Assets.xcassets; sourceTree = "<group>"; };
		05063EF12AFC674D00308258 /* Preview Assets.xcassets */ = {isa = PBXFileReference; lastKnownFileType = folder.assetcatalog; path = "Preview Assets.xcassets"; sourceTree = "<group>"; };
		05063EF32AFD7E0A00308258 /* SceneKitAssets.scnassets */ = {isa = PBXFileReference; lastKnownFileType = wrapper.scnassets; path = SceneKitAssets.scnassets; sourceTree = "<group>"; };
		052C86202B229DDE000A3D58 /* Double+Extensions.swift */ = {isa = PBXFileReference; lastKnownFileType = sourcecode.swift; path = "Double+Extensions.swift"; sourceTree = "<group>"; };
		052C86222B23C042000A3D58 /* DebugModeView.swift */ = {isa = PBXFileReference; lastKnownFileType = sourcecode.swift; path = DebugModeView.swift; sourceTree = "<group>"; };
		052C86242B23C9A0000A3D58 /* PhysicsBodyProperties.swift */ = {isa = PBXFileReference; lastKnownFileType = sourcecode.swift; path = PhysicsBodyProperties.swift; sourceTree = "<group>"; };
		052C86292B23E97D000A3D58 /* NodeStats.swift */ = {isa = PBXFileReference; lastKnownFileType = sourcecode.swift; path = NodeStats.swift; sourceTree = "<group>"; };
		054923DB2B05896300317F1F /* Decal.swift */ = {isa = PBXFileReference; lastKnownFileType = sourcecode.swift; path = Decal.swift; sourceTree = "<group>"; };
		0553756D2AF9C68E00244A63 /* DnDDiceRoller.app */ = {isa = PBXFileReference; explicitFileType = wrapper.application; includeInIndex = 0; path = DnDDiceRoller.app; sourceTree = BUILT_PRODUCTS_DIR; };
		055375702AF9C68E00244A63 /* DnDDiceRollerApp.swift */ = {isa = PBXFileReference; lastKnownFileType = sourcecode.swift; path = DnDDiceRollerApp.swift; sourceTree = "<group>"; };
		055375722AF9C68E00244A63 /* MainView.swift */ = {isa = PBXFileReference; lastKnownFileType = sourcecode.swift; path = MainView.swift; sourceTree = "<group>"; };
		0554ACF32B0C023000791897 /* MainViewModel.swift */ = {isa = PBXFileReference; lastKnownFileType = sourcecode.swift; path = MainViewModel.swift; sourceTree = "<group>"; };
		0554ACF62B0C09EF00791897 /* SceneManager.swift */ = {isa = PBXFileReference; lastKnownFileType = sourcecode.swift; path = SceneManager.swift; sourceTree = "<group>"; };
		0556EAD92B16E15B000583EC /* SCNVector3+Extensions.swift */ = {isa = PBXFileReference; lastKnownFileType = sourcecode.swift; path = "SCNVector3+Extensions.swift"; sourceTree = "<group>"; };
		0561F9932B29148600260468 /* DnDDiceRollerUITests.xctest */ = {isa = PBXFileReference; explicitFileType = wrapper.cfbundle; includeInIndex = 0; path = DnDDiceRollerUITests.xctest; sourceTree = BUILT_PRODUCTS_DIR; };
		0561F9952B29148600260468 /* DnDDiceRollerUITests.swift */ = {isa = PBXFileReference; lastKnownFileType = sourcecode.swift; path = DnDDiceRollerUITests.swift; sourceTree = "<group>"; };
		0561F9972B29148600260468 /* DnDDiceRollerUITestsLaunchTests.swift */ = {isa = PBXFileReference; lastKnownFileType = sourcecode.swift; path = DnDDiceRollerUITestsLaunchTests.swift; sourceTree = "<group>"; };
		0566BADB2B0EBB2E00D10E11 /* SettingsView.swift */ = {isa = PBXFileReference; lastKnownFileType = sourcecode.swift; path = SettingsView.swift; sourceTree = "<group>"; };
		0566BADE2B0EDE8800D10E11 /* SCNNode+Extensions.swift */ = {isa = PBXFileReference; lastKnownFileType = sourcecode.swift; path = "SCNNode+Extensions.swift"; sourceTree = "<group>"; };
		05707CBA2B25105200DA242D /* DiceRotationToNumberHelper.swift */ = {isa = PBXFileReference; lastKnownFileType = sourcecode.swift; path = DiceRotationToNumberHelper.swift; sourceTree = "<group>"; };
		0575D11A2B0D59DC00C40A06 /* SceneType.swift */ = {isa = PBXFileReference; lastKnownFileType = sourcecode.swift; path = SceneType.swift; sourceTree = "<group>"; };
		0575D11C2B0D72EE00C40A06 /* MainSceneManager.swift */ = {isa = PBXFileReference; lastKnownFileType = sourcecode.swift; path = MainSceneManager.swift; sourceTree = "<group>"; };
		0575D11E2B0D73AA00C40A06 /* NodeType.swift */ = {isa = PBXFileReference; lastKnownFileType = sourcecode.swift; path = NodeType.swift; sourceTree = "<group>"; };
		05DB05B22B19761A00B305AC /* DiceTypeMenuView.swift */ = {isa = PBXFileReference; lastKnownFileType = sourcecode.swift; path = DiceTypeMenuView.swift; sourceTree = "<group>"; };
/* End PBXFileReference section */

/* Begin PBXFrameworksBuildPhase section */
		0553756A2AF9C68E00244A63 /* Frameworks */ = {
			isa = PBXFrameworksBuildPhase;
			buildActionMask = 2147483647;
			files = (
			);
			runOnlyForDeploymentPostprocessing = 0;
		};
		0561F9902B29148600260468 /* Frameworks */ = {
			isa = PBXFrameworksBuildPhase;
			buildActionMask = 2147483647;
			files = (
			);
			runOnlyForDeploymentPostprocessing = 0;
		};
/* End PBXFrameworksBuildPhase section */

/* Begin PBXGroup section */
		05063EED2AFC63AE00308258 /* Preview Content */ = {
			isa = PBXGroup;
			children = (
				05063EF12AFC674D00308258 /* Preview Assets.xcassets */,
			);
			path = "Preview Content";
			sourceTree = "<group>";
		};
		052C86262B23D0F8000A3D58 /* Views */ = {
			isa = PBXGroup;
			children = (
				055375722AF9C68E00244A63 /* MainView.swift */,
				05DB05B22B19761A00B305AC /* DiceTypeMenuView.swift */,
				052C86222B23C042000A3D58 /* DebugModeView.swift */,
				0566BADB2B0EBB2E00D10E11 /* SettingsView.swift */,
			);
			path = Views;
			sourceTree = "<group>";
		};
		055375642AF9C68E00244A63 = {
			isa = PBXGroup;
			children = (
				0553756F2AF9C68E00244A63 /* DnDDiceRoller */,
				0561F9942B29148600260468 /* DnDDiceRollerUITests */,
				0553756E2AF9C68E00244A63 /* Products */,
			);
			sourceTree = "<group>";
		};
		0553756E2AF9C68E00244A63 /* Products */ = {
			isa = PBXGroup;
			children = (
				0553756D2AF9C68E00244A63 /* DnDDiceRoller.app */,
				0561F9932B29148600260468 /* DnDDiceRollerUITests.xctest */,
			);
			name = Products;
			sourceTree = "<group>";
		};
		0553756F2AF9C68E00244A63 /* DnDDiceRoller */ = {
			isa = PBXGroup;
			children = (
				055375702AF9C68E00244A63 /* DnDDiceRollerApp.swift */,
				05063EF32AFD7E0A00308258 /* SceneKitAssets.scnassets */,
				05063EEB2AFC5F7D00308258 /* Assets.xcassets */,
				0566BADD2B0EDE7B00D10E11 /* Helpers */,
				0575D1192B0D596200C40A06 /* Managers */,
				05D70E422AFAEE7D007259D5 /* Models */,
				05063EED2AFC63AE00308258 /* Preview Content */,
				0554ACF52B0C023600791897 /* ViewModels */,
				052C86262B23D0F8000A3D58 /* Views */,
			);
			path = DnDDiceRoller;
			sourceTree = "<group>";
		};
		0554ACF52B0C023600791897 /* ViewModels */ = {
			isa = PBXGroup;
			children = (
				0554ACF32B0C023000791897 /* MainViewModel.swift */,
			);
			path = ViewModels;
			sourceTree = "<group>";
		};
		0561F9942B29148600260468 /* DnDDiceRollerUITests */ = {
			isa = PBXGroup;
			children = (
				0561F9952B29148600260468 /* DnDDiceRollerUITests.swift */,
				0561F9972B29148600260468 /* DnDDiceRollerUITestsLaunchTests.swift */,
			);
			path = DnDDiceRollerUITests;
			sourceTree = "<group>";
		};
		0566BADD2B0EDE7B00D10E11 /* Helpers */ = {
			isa = PBXGroup;
			children = (
				0566BADE2B0EDE8800D10E11 /* SCNNode+Extensions.swift */,
				0556EAD92B16E15B000583EC /* SCNVector3+Extensions.swift */,
				052C86202B229DDE000A3D58 /* Double+Extensions.swift */,
				05707CBA2B25105200DA242D /* DiceRotationToNumberHelper.swift */,
			);
			path = Helpers;
			sourceTree = "<group>";
		};
		0575D1192B0D596200C40A06 /* Managers */ = {
			isa = PBXGroup;
			children = (
				0554ACF62B0C09EF00791897 /* SceneManager.swift */,
				0575D11C2B0D72EE00C40A06 /* MainSceneManager.swift */,
			);
			path = Managers;
			sourceTree = "<group>";
		};
		05D70E422AFAEE7D007259D5 /* Models */ = {
			isa = PBXGroup;
			children = (
				054923DB2B05896300317F1F /* Decal.swift */,
				05063EE42AFB0F1300308258 /* Material.swift */,
				0575D11E2B0D73AA00C40A06 /* NodeType.swift */,
				052C86292B23E97D000A3D58 /* NodeStats.swift */,
				0575D11A2B0D59DC00C40A06 /* SceneType.swift */,
				052C86242B23C9A0000A3D58 /* PhysicsBodyProperties.swift */,
			);
			path = Models;
			sourceTree = "<group>";
		};
/* End PBXGroup section */

/* Begin PBXNativeTarget section */
		0553756C2AF9C68E00244A63 /* DnDDiceRoller */ = {
			isa = PBXNativeTarget;
			buildConfigurationList = 0553757B2AF9C69000244A63 /* Build configuration list for PBXNativeTarget "DnDDiceRoller" */;
			buildPhases = (
				055375692AF9C68E00244A63 /* Sources */,
				0553756A2AF9C68E00244A63 /* Frameworks */,
				0553756B2AF9C68E00244A63 /* Resources */,
			);
			buildRules = (
			);
			dependencies = (
			);
			name = DnDDiceRoller;
			productName = DnDDiceRoller;
			productReference = 0553756D2AF9C68E00244A63 /* DnDDiceRoller.app */;
			productType = "com.apple.product-type.application";
		};
		0561F9922B29148600260468 /* DnDDiceRollerUITests */ = {
			isa = PBXNativeTarget;
			buildConfigurationList = 0561F99D2B29148600260468 /* Build configuration list for PBXNativeTarget "DnDDiceRollerUITests" */;
			buildPhases = (
				0561F98F2B29148600260468 /* Sources */,
				0561F9902B29148600260468 /* Frameworks */,
				0561F9912B29148600260468 /* Resources */,
			);
			buildRules = (
			);
			dependencies = (
				0561F99A2B29148600260468 /* PBXTargetDependency */,
			);
			name = DnDDiceRollerUITests;
			productName = DnDDiceRollerUITests;
			productReference = 0561F9932B29148600260468 /* DnDDiceRollerUITests.xctest */;
			productType = "com.apple.product-type.bundle.ui-testing";
		};
/* End PBXNativeTarget section */

/* Begin PBXProject section */
		055375652AF9C68E00244A63 /* Project object */ = {
			isa = PBXProject;
			attributes = {
				BuildIndependentTargetsInParallel = 1;
				LastSwiftUpdateCheck = 1500;
				LastUpgradeCheck = 1500;
				TargetAttributes = {
					0553756C2AF9C68E00244A63 = {
						CreatedOnToolsVersion = 15.0.1;
					};
					0561F9922B29148600260468 = {
						CreatedOnToolsVersion = 15.0.1;
						TestTargetID = 0553756C2AF9C68E00244A63;
					};
				};
			};
			buildConfigurationList = 055375682AF9C68E00244A63 /* Build configuration list for PBXProject "DnDDiceRoller" */;
			compatibilityVersion = "Xcode 14.0";
			developmentRegion = en;
			hasScannedForEncodings = 0;
			knownRegions = (
				en,
				Base,
			);
			mainGroup = 055375642AF9C68E00244A63;
			productRefGroup = 0553756E2AF9C68E00244A63 /* Products */;
			projectDirPath = "";
			projectRoot = "";
			targets = (
				0553756C2AF9C68E00244A63 /* DnDDiceRoller */,
				0561F9922B29148600260468 /* DnDDiceRollerUITests */,
			);
		};
/* End PBXProject section */

/* Begin PBXResourcesBuildPhase section */
		0553756B2AF9C68E00244A63 /* Resources */ = {
			isa = PBXResourcesBuildPhase;
			buildActionMask = 2147483647;
			files = (
				05063EF42AFD7E0A00308258 /* SceneKitAssets.scnassets in Resources */,
				05063EF22AFC674D00308258 /* Preview Assets.xcassets in Resources */,
				05063EEC2AFC5F7D00308258 /* Assets.xcassets in Resources */,
			);
			runOnlyForDeploymentPostprocessing = 0;
		};
		0561F9912B29148600260468 /* Resources */ = {
			isa = PBXResourcesBuildPhase;
			buildActionMask = 2147483647;
			files = (
			);
			runOnlyForDeploymentPostprocessing = 0;
		};
/* End PBXResourcesBuildPhase section */

/* Begin PBXSourcesBuildPhase section */
		055375692AF9C68E00244A63 /* Sources */ = {
			isa = PBXSourcesBuildPhase;
			buildActionMask = 2147483647;
			files = (
				05063EE52AFB0F1300308258 /* Material.swift in Sources */,
				0566BADF2B0EDE8800D10E11 /* SCNNode+Extensions.swift in Sources */,
				054923DC2B05896300317F1F /* Decal.swift in Sources */,
				052C86252B23C9A0000A3D58 /* PhysicsBodyProperties.swift in Sources */,
				0575D11B2B0D59DC00C40A06 /* SceneType.swift in Sources */,
				052C86232B23C042000A3D58 /* DebugModeView.swift in Sources */,
				0575D11F2B0D73AA00C40A06 /* NodeType.swift in Sources */,
				055375732AF9C68E00244A63 /* MainView.swift in Sources */,
				0554ACF72B0C09EF00791897 /* SceneManager.swift in Sources */,
				0575D11D2B0D72EE00C40A06 /* MainSceneManager.swift in Sources */,
				052C86212B229DDE000A3D58 /* Double+Extensions.swift in Sources */,
				05707CBB2B25105200DA242D /* DiceRotationToNumberHelper.swift in Sources */,
				055375712AF9C68E00244A63 /* DnDDiceRollerApp.swift in Sources */,
				05DB05B32B19761A00B305AC /* DiceTypeMenuView.swift in Sources */,
				0566BADC2B0EBB2E00D10E11 /* SettingsView.swift in Sources */,
				0556EADA2B16E15B000583EC /* SCNVector3+Extensions.swift in Sources */,
				0554ACF42B0C023000791897 /* MainViewModel.swift in Sources */,
				052C862A2B23E97D000A3D58 /* NodeStats.swift in Sources */,
			);
			runOnlyForDeploymentPostprocessing = 0;
		};
		0561F98F2B29148600260468 /* Sources */ = {
			isa = PBXSourcesBuildPhase;
			buildActionMask = 2147483647;
			files = (
				051C03772B298465005C89F3 /* NodeType.swift in Sources */,
				0561F9982B29148600260468 /* DnDDiceRollerUITestsLaunchTests.swift in Sources */,
				0561F9962B29148600260468 /* DnDDiceRollerUITests.swift in Sources */,
			);
			runOnlyForDeploymentPostprocessing = 0;
		};
/* End PBXSourcesBuildPhase section */

/* Begin PBXTargetDependency section */
		0561F99A2B29148600260468 /* PBXTargetDependency */ = {
			isa = PBXTargetDependency;
			target = 0553756C2AF9C68E00244A63 /* DnDDiceRoller */;
			targetProxy = 0561F9992B29148600260468 /* PBXContainerItemProxy */;
		};
/* End PBXTargetDependency section */

/* Begin XCBuildConfiguration section */
		055375792AF9C69000244A63 /* Debug */ = {
			isa = XCBuildConfiguration;
			buildSettings = {
				ALWAYS_SEARCH_USER_PATHS = NO;
				ASSETCATALOG_COMPILER_GENERATE_SWIFT_ASSET_SYMBOL_EXTENSIONS = YES;
				CLANG_ANALYZER_NONNULL = YES;
				CLANG_ANALYZER_NUMBER_OBJECT_CONVERSION = YES_AGGRESSIVE;
				CLANG_CXX_LANGUAGE_STANDARD = "gnu++20";
				CLANG_ENABLE_MODULES = YES;
				CLANG_ENABLE_OBJC_ARC = YES;
				CLANG_ENABLE_OBJC_WEAK = YES;
				CLANG_WARN_BLOCK_CAPTURE_AUTORELEASING = YES;
				CLANG_WARN_BOOL_CONVERSION = YES;
				CLANG_WARN_COMMA = YES;
				CLANG_WARN_CONSTANT_CONVERSION = YES;
				CLANG_WARN_DEPRECATED_OBJC_IMPLEMENTATIONS = YES;
				CLANG_WARN_DIRECT_OBJC_ISA_USAGE = YES_ERROR;
				CLANG_WARN_DOCUMENTATION_COMMENTS = YES;
				CLANG_WARN_EMPTY_BODY = YES;
				CLANG_WARN_ENUM_CONVERSION = YES;
				CLANG_WARN_INFINITE_RECURSION = YES;
				CLANG_WARN_INT_CONVERSION = YES;
				CLANG_WARN_NON_LITERAL_NULL_CONVERSION = YES;
				CLANG_WARN_OBJC_IMPLICIT_RETAIN_SELF = YES;
				CLANG_WARN_OBJC_LITERAL_CONVERSION = YES;
				CLANG_WARN_OBJC_ROOT_CLASS = YES_ERROR;
				CLANG_WARN_QUOTED_INCLUDE_IN_FRAMEWORK_HEADER = YES;
				CLANG_WARN_RANGE_LOOP_ANALYSIS = YES;
				CLANG_WARN_STRICT_PROTOTYPES = YES;
				CLANG_WARN_SUSPICIOUS_MOVE = YES;
				CLANG_WARN_UNGUARDED_AVAILABILITY = YES_AGGRESSIVE;
				CLANG_WARN_UNREACHABLE_CODE = YES;
				CLANG_WARN__DUPLICATE_METHOD_MATCH = YES;
				COPY_PHASE_STRIP = NO;
				DEBUG_INFORMATION_FORMAT = dwarf;
				ENABLE_STRICT_OBJC_MSGSEND = YES;
				ENABLE_TESTABILITY = YES;
				ENABLE_USER_SCRIPT_SANDBOXING = YES;
				GCC_C_LANGUAGE_STANDARD = gnu17;
				GCC_DYNAMIC_NO_PIC = NO;
				GCC_NO_COMMON_BLOCKS = YES;
				GCC_OPTIMIZATION_LEVEL = 0;
				GCC_PREPROCESSOR_DEFINITIONS = (
					"DEBUG=1",
					"$(inherited)",
				);
				GCC_WARN_64_TO_32_BIT_CONVERSION = YES;
				GCC_WARN_ABOUT_RETURN_TYPE = YES_ERROR;
				GCC_WARN_UNDECLARED_SELECTOR = YES;
				GCC_WARN_UNINITIALIZED_AUTOS = YES_AGGRESSIVE;
				GCC_WARN_UNUSED_FUNCTION = YES;
				GCC_WARN_UNUSED_VARIABLE = YES;
				IPHONEOS_DEPLOYMENT_TARGET = 16.0;
				LOCALIZATION_PREFERS_STRING_CATALOGS = YES;
				MTL_ENABLE_DEBUG_INFO = INCLUDE_SOURCE;
				MTL_FAST_MATH = YES;
				ONLY_ACTIVE_ARCH = YES;
				SDKROOT = iphoneos;
				SWIFT_ACTIVE_COMPILATION_CONDITIONS = "DEBUG $(inherited)";
				SWIFT_OPTIMIZATION_LEVEL = "-Onone";
			};
			name = Debug;
		};
		0553757A2AF9C69000244A63 /* Release */ = {
			isa = XCBuildConfiguration;
			buildSettings = {
				ALWAYS_SEARCH_USER_PATHS = NO;
				ASSETCATALOG_COMPILER_GENERATE_SWIFT_ASSET_SYMBOL_EXTENSIONS = YES;
				CLANG_ANALYZER_NONNULL = YES;
				CLANG_ANALYZER_NUMBER_OBJECT_CONVERSION = YES_AGGRESSIVE;
				CLANG_CXX_LANGUAGE_STANDARD = "gnu++20";
				CLANG_ENABLE_MODULES = YES;
				CLANG_ENABLE_OBJC_ARC = YES;
				CLANG_ENABLE_OBJC_WEAK = YES;
				CLANG_WARN_BLOCK_CAPTURE_AUTORELEASING = YES;
				CLANG_WARN_BOOL_CONVERSION = YES;
				CLANG_WARN_COMMA = YES;
				CLANG_WARN_CONSTANT_CONVERSION = YES;
				CLANG_WARN_DEPRECATED_OBJC_IMPLEMENTATIONS = YES;
				CLANG_WARN_DIRECT_OBJC_ISA_USAGE = YES_ERROR;
				CLANG_WARN_DOCUMENTATION_COMMENTS = YES;
				CLANG_WARN_EMPTY_BODY = YES;
				CLANG_WARN_ENUM_CONVERSION = YES;
				CLANG_WARN_INFINITE_RECURSION = YES;
				CLANG_WARN_INT_CONVERSION = YES;
				CLANG_WARN_NON_LITERAL_NULL_CONVERSION = YES;
				CLANG_WARN_OBJC_IMPLICIT_RETAIN_SELF = YES;
				CLANG_WARN_OBJC_LITERAL_CONVERSION = YES;
				CLANG_WARN_OBJC_ROOT_CLASS = YES_ERROR;
				CLANG_WARN_QUOTED_INCLUDE_IN_FRAMEWORK_HEADER = YES;
				CLANG_WARN_RANGE_LOOP_ANALYSIS = YES;
				CLANG_WARN_STRICT_PROTOTYPES = YES;
				CLANG_WARN_SUSPICIOUS_MOVE = YES;
				CLANG_WARN_UNGUARDED_AVAILABILITY = YES_AGGRESSIVE;
				CLANG_WARN_UNREACHABLE_CODE = YES;
				CLANG_WARN__DUPLICATE_METHOD_MATCH = YES;
				COPY_PHASE_STRIP = NO;
				DEBUG_INFORMATION_FORMAT = "dwarf-with-dsym";
				ENABLE_NS_ASSERTIONS = NO;
				ENABLE_STRICT_OBJC_MSGSEND = YES;
				ENABLE_USER_SCRIPT_SANDBOXING = YES;
				GCC_C_LANGUAGE_STANDARD = gnu17;
				GCC_NO_COMMON_BLOCKS = YES;
				GCC_WARN_64_TO_32_BIT_CONVERSION = YES;
				GCC_WARN_ABOUT_RETURN_TYPE = YES_ERROR;
				GCC_WARN_UNDECLARED_SELECTOR = YES;
				GCC_WARN_UNINITIALIZED_AUTOS = YES_AGGRESSIVE;
				GCC_WARN_UNUSED_FUNCTION = YES;
				GCC_WARN_UNUSED_VARIABLE = YES;
				IPHONEOS_DEPLOYMENT_TARGET = 16.0;
				LOCALIZATION_PREFERS_STRING_CATALOGS = YES;
				MTL_ENABLE_DEBUG_INFO = NO;
				MTL_FAST_MATH = YES;
				SDKROOT = iphoneos;
				SWIFT_COMPILATION_MODE = wholemodule;
				VALIDATE_PRODUCT = YES;
			};
			name = Release;
		};
		0553757C2AF9C69000244A63 /* Debug */ = {
			isa = XCBuildConfiguration;
			buildSettings = {
				ASSETCATALOG_COMPILER_APPICON_NAME = AppIcon;
				ASSETCATALOG_COMPILER_GLOBAL_ACCENT_COLOR_NAME = AccentColor;
				CODE_SIGN_STYLE = Automatic;
				CURRENT_PROJECT_VERSION = 1;
				DEVELOPMENT_ASSET_PATHS = "\"DnDDiceRoller/Preview Content\"";
				DEVELOPMENT_TEAM = R26Z4H79BY;
				ENABLE_PREVIEWS = YES;
				GENERATE_INFOPLIST_FILE = YES;
				INFOPLIST_KEY_LSApplicationCategoryType = "public.app-category.dice-games";
				INFOPLIST_KEY_UIApplicationSceneManifest_Generation = YES;
				INFOPLIST_KEY_UIApplicationSupportsIndirectInputEvents = YES;
				INFOPLIST_KEY_UILaunchScreen_Generation = YES;
				INFOPLIST_KEY_UIStatusBarStyle = "";
				INFOPLIST_KEY_UISupportedInterfaceOrientations = "UIInterfaceOrientationLandscapeLeft UIInterfaceOrientationLandscapeRight UIInterfaceOrientationPortrait";
				INFOPLIST_KEY_UISupportedInterfaceOrientations_iPad = "UIInterfaceOrientationLandscapeLeft UIInterfaceOrientationLandscapeRight UIInterfaceOrientationPortrait UIInterfaceOrientationPortraitUpsideDown";
				LD_RUNPATH_SEARCH_PATHS = (
					"$(inherited)",
					"@executable_path/Frameworks",
				);
				MARKETING_VERSION = 1.0;
				PRODUCT_BUNDLE_IDENTIFIER = com.volodymyr.parunakian.DnDDiceRoller;
				PRODUCT_NAME = "$(TARGET_NAME)";
				SWIFT_EMIT_LOC_STRINGS = YES;
				SWIFT_VERSION = 5.0;
				TARGETED_DEVICE_FAMILY = "1,2";
			};
			name = Debug;
		};
		0553757D2AF9C69000244A63 /* Release */ = {
			isa = XCBuildConfiguration;
			buildSettings = {
				ASSETCATALOG_COMPILER_APPICON_NAME = AppIcon;
				ASSETCATALOG_COMPILER_GLOBAL_ACCENT_COLOR_NAME = AccentColor;
				CODE_SIGN_STYLE = Automatic;
				CURRENT_PROJECT_VERSION = 1;
				DEVELOPMENT_ASSET_PATHS = "\"DnDDiceRoller/Preview Content\"";
				DEVELOPMENT_TEAM = R26Z4H79BY;
				ENABLE_PREVIEWS = YES;
				GENERATE_INFOPLIST_FILE = YES;
				INFOPLIST_KEY_LSApplicationCategoryType = "public.app-category.dice-games";
				INFOPLIST_KEY_UIApplicationSceneManifest_Generation = YES;
				INFOPLIST_KEY_UIApplicationSupportsIndirectInputEvents = YES;
				INFOPLIST_KEY_UILaunchScreen_Generation = YES;
				INFOPLIST_KEY_UIStatusBarStyle = "";
				INFOPLIST_KEY_UISupportedInterfaceOrientations = "UIInterfaceOrientationLandscapeLeft UIInterfaceOrientationLandscapeRight UIInterfaceOrientationPortrait";
				INFOPLIST_KEY_UISupportedInterfaceOrientations_iPad = "UIInterfaceOrientationLandscapeLeft UIInterfaceOrientationLandscapeRight UIInterfaceOrientationPortrait UIInterfaceOrientationPortraitUpsideDown";
				LD_RUNPATH_SEARCH_PATHS = (
					"$(inherited)",
					"@executable_path/Frameworks",
				);
				MARKETING_VERSION = 1.0;
				PRODUCT_BUNDLE_IDENTIFIER = com.volodymyr.parunakian.DnDDiceRoller;
				PRODUCT_NAME = "$(TARGET_NAME)";
				SWIFT_EMIT_LOC_STRINGS = YES;
				SWIFT_VERSION = 5.0;
				TARGETED_DEVICE_FAMILY = "1,2";
			};
			name = Release;
		};
		0561F99B2B29148600260468 /* Debug */ = {
			isa = XCBuildConfiguration;
			buildSettings = {
				CODE_SIGN_STYLE = Automatic;
				CURRENT_PROJECT_VERSION = 1;
				DEVELOPMENT_TEAM = R26Z4H79BY;
				GENERATE_INFOPLIST_FILE = YES;
				IPHONEOS_DEPLOYMENT_TARGET = 17.0;
				MARKETING_VERSION = 1.0;
				PRODUCT_BUNDLE_IDENTIFIER = com.volodymyr.parunakian.DnDDiceRollerUITests;
				PRODUCT_NAME = "$(TARGET_NAME)";
				SUPPORTED_PLATFORMS = "iphoneos iphonesimulator";
				SUPPORTS_MACCATALYST = NO;
				SUPPORTS_MAC_DESIGNED_FOR_IPHONE_IPAD = NO;
				SWIFT_EMIT_LOC_STRINGS = NO;
				SWIFT_VERSION = 5.0;
				TARGETED_DEVICE_FAMILY = "1,2";
				TEST_TARGET_NAME = DnDDiceRoller;
			};
			name = Debug;
		};
		0561F99C2B29148600260468 /* Release */ = {
			isa = XCBuildConfiguration;
			buildSettings = {
				CODE_SIGN_STYLE = Automatic;
				CURRENT_PROJECT_VERSION = 1;
				DEVELOPMENT_TEAM = R26Z4H79BY;
				GENERATE_INFOPLIST_FILE = YES;
				IPHONEOS_DEPLOYMENT_TARGET = 17.0;
				MARKETING_VERSION = 1.0;
				PRODUCT_BUNDLE_IDENTIFIER = com.volodymyr.parunakian.DnDDiceRollerUITests;
				PRODUCT_NAME = "$(TARGET_NAME)";
				SUPPORTED_PLATFORMS = "iphoneos iphonesimulator";
				SUPPORTS_MACCATALYST = NO;
				SUPPORTS_MAC_DESIGNED_FOR_IPHONE_IPAD = NO;
				SWIFT_EMIT_LOC_STRINGS = NO;
				SWIFT_VERSION = 5.0;
				TARGETED_DEVICE_FAMILY = "1,2";
				TEST_TARGET_NAME = DnDDiceRoller;
			};
			name = Release;
		};
/* End XCBuildConfiguration section */

/* Begin XCConfigurationList section */
		055375682AF9C68E00244A63 /* Build configuration list for PBXProject "DnDDiceRoller" */ = {
			isa = XCConfigurationList;
			buildConfigurations = (
				055375792AF9C69000244A63 /* Debug */,
				0553757A2AF9C69000244A63 /* Release */,
			);
			defaultConfigurationIsVisible = 0;
			defaultConfigurationName = Release;
		};
		0553757B2AF9C69000244A63 /* Build configuration list for PBXNativeTarget "DnDDiceRoller" */ = {
			isa = XCConfigurationList;
			buildConfigurations = (
				0553757C2AF9C69000244A63 /* Debug */,
				0553757D2AF9C69000244A63 /* Release */,
			);
			defaultConfigurationIsVisible = 0;
			defaultConfigurationName = Release;
		};
		0561F99D2B29148600260468 /* Build configuration list for PBXNativeTarget "DnDDiceRollerUITests" */ = {
			isa = XCConfigurationList;
			buildConfigurations = (
				0561F99B2B29148600260468 /* Debug */,
				0561F99C2B29148600260468 /* Release */,
			);
			defaultConfigurationIsVisible = 0;
			defaultConfigurationName = Release;
		};
/* End XCConfigurationList section */
	};
	rootObject = 055375652AF9C68E00244A63 /* Project object */;
}
